
Microsoft Visual Studio Solution File, Format Version 12.00
# Visual Studio 15
VisualStudioVersion = 15.0.27130.2020
MinimumVisualStudioVersion = 10.0.40219.1
Project("{FAE04EC0-301F-11D3-BF4B-00C04F79EFBC}") = "WindowsFormsApp1", "WindowsFormsApp1\WindowsFormsApp1.csproj", "{5F242556-A42C-42A2-BB21-861BB89B10F2}"
EndProject
Global
	GlobalSection(SolutionConfigurationPlatforms) = preSolution
		Debug|Any CPU = Debug|Any CPU
		Release|Any CPU = Release|Any CPU
	EndGlobalSection
	GlobalSection(ProjectConfigurationPlatforms) = postSolution
		{5F242556-A42C-42A2-BB21-861BB89B10F2}.Debug|Any CPU.ActiveCfg = Debug|Any CPU
		{5F242556-A42C-42A2-BB21-861BB89B10F2}.Debug|Any CPU.Build.0 = Debug|Any CPU
		{5F242556-A42C-42A2-BB21-861BB89B10F2}.Release|Any CPU.ActiveCfg = Release|Any CPU
		{5F242556-A42C-42A2-BB21-861BB89B10F2}.Release|Any CPU.Build.0 = Release|Any CPU
	EndGlobalSection
	GlobalSection(SolutionProperties) = preSolution
		HideSolutionNode = FALSE
	EndGlobalSection
	GlobalSection(ExtensibilityGlobals) = postSolution
		SolutionGuid = {18901F99-ABD8-4D95-942F-620FF5C75F20}
	EndGlobalSection
EndGlobal
